// !$*UTF8*$!
{
	archiveVersion = 1;
	classes = {
	};
	objectVersion = 56;
	objects = {

/* Begin PBXBuildFile section */
		CE6692C62A5BF08000D7FB5F /* Models.swift in Sources */ = {isa = PBXBuildFile; fileRef = CE6692C52A5BF08000D7FB5F /* Models.swift */; };
		CE6C3B592A503E2800EB0985 /* AddCategoryViewController.swift in Sources */ = {isa = PBXBuildFile; fileRef = CE6C3B582A503E2800EB0985 /* AddCategoryViewController.swift */; };
		CE71C0682A5343B9009836E7 /* UIFonts+Extensions.swift in Sources */ = {isa = PBXBuildFile; fileRef = CE71C0672A5343B9009836E7 /* UIFonts+Extensions.swift */; };
		CE7286522A4B306D0011F679 /* HeaderCollectionView.swift in Sources */ = {isa = PBXBuildFile; fileRef = CE7286512A4B306D0011F679 /* HeaderCollectionView.swift */; };
		CE7286542A4B704D0011F679 /* DataManager.swift in Sources */ = {isa = PBXBuildFile; fileRef = CE7286532A4B704D0011F679 /* DataManager.swift */; };
		CE7784DD2A45D47700E01A81 /* TrackersViewController.swift in Sources */ = {isa = PBXBuildFile; fileRef = CE7784DC2A45D47700E01A81 /* TrackersViewController.swift */; };
		CE7784DF2A45D78500E01A81 /* StatisticViewController.swift in Sources */ = {isa = PBXBuildFile; fileRef = CE7784DE2A45D78500E01A81 /* StatisticViewController.swift */; };
		CE7784E52A461CAA00E01A81 /* TrackerTypeSelectionViewController.swift in Sources */ = {isa = PBXBuildFile; fileRef = CE7784E42A461CAA00E01A81 /* TrackerTypeSelectionViewController.swift */; };
		CE78C3DB2A4F172E00D28141 /* AddScheduleViewController.swift in Sources */ = {isa = PBXBuildFile; fileRef = CE78C3DA2A4F172E00D28141 /* AddScheduleViewController.swift */; };
		CE7A56DB2A55A8F600F494EF /* TrackerType.swift in Sources */ = {isa = PBXBuildFile; fileRef = CE7A56DA2A55A8F600F494EF /* TrackerType.swift */; };
		CE7ABCE12A447F87000606DA /* UIColors+Extensions.swift in Sources */ = {isa = PBXBuildFile; fileRef = CE7ABCE02A447F87000606DA /* UIColors+Extensions.swift */; };
		CE7ABCE42A4484AE000606DA /* SF-Pro.ttf in Resources */ = {isa = PBXBuildFile; fileRef = CE7ABCE32A4484AE000606DA /* SF-Pro.ttf */; };
		CE7ABCE62A4489A4000606DA /* CardTrackerViewCell.swift in Sources */ = {isa = PBXBuildFile; fileRef = CE7ABCE52A4489A4000606DA /* CardTrackerViewCell.swift */; };
		CE7B743B2A4DA5E9000A3676 /* AddNewTrackerViewController.swift in Sources */ = {isa = PBXBuildFile; fileRef = CE7B743A2A4DA5E9000A3676 /* AddNewTrackerViewController.swift */; };
		CEA04AB22A437B4A003A8F70 /* AppDelegate.swift in Sources */ = {isa = PBXBuildFile; fileRef = CEA04AB12A437B4A003A8F70 /* AppDelegate.swift */; };
		CEA04AB42A437B4A003A8F70 /* SceneDelegate.swift in Sources */ = {isa = PBXBuildFile; fileRef = CEA04AB32A437B4A003A8F70 /* SceneDelegate.swift */; };
		CEA04AB62A437B4A003A8F70 /* MainScreenTrackerViewController.swift in Sources */ = {isa = PBXBuildFile; fileRef = CEA04AB52A437B4A003A8F70 /* MainScreenTrackerViewController.swift */; };
		CEA04AB92A437B4A003A8F70 /* Main.storyboard in Resources */ = {isa = PBXBuildFile; fileRef = CEA04AB72A437B4A003A8F70 /* Main.storyboard */; };
		CEA04ABB2A437B4C003A8F70 /* Assets.xcassets in Resources */ = {isa = PBXBuildFile; fileRef = CEA04ABA2A437B4C003A8F70 /* Assets.xcassets */; };
		CEA04ABE2A437B4C003A8F70 /* LaunchScreen.storyboard in Resources */ = {isa = PBXBuildFile; fileRef = CEA04ABC2A437B4C003A8F70 /* LaunchScreen.storyboard */; };
		CEA04AC92A437B4C003A8F70 /* TrackerTests.swift in Sources */ = {isa = PBXBuildFile; fileRef = CEA04AC82A437B4C003A8F70 /* TrackerTests.swift */; };
		CEA04AD32A437B4C003A8F70 /* TrackerUITests.swift in Sources */ = {isa = PBXBuildFile; fileRef = CEA04AD22A437B4C003A8F70 /* TrackerUITests.swift */; };
		CEA04AD52A437B4C003A8F70 /* TrackerUITestsLaunchTests.swift in Sources */ = {isa = PBXBuildFile; fileRef = CEA04AD42A437B4C003A8F70 /* TrackerUITestsLaunchTests.swift */; };
/* End PBXBuildFile section */

/* Begin PBXContainerItemProxy section */
		CEA04AC52A437B4C003A8F70 /* PBXContainerItemProxy */ = {
			isa = PBXContainerItemProxy;
			containerPortal = CEA04AA62A437B4A003A8F70 /* Project object */;
			proxyType = 1;
			remoteGlobalIDString = CEA04AAD2A437B4A003A8F70;
			remoteInfo = Tracker;
		};
		CEA04ACF2A437B4C003A8F70 /* PBXContainerItemProxy */ = {
			isa = PBXContainerItemProxy;
			containerPortal = CEA04AA62A437B4A003A8F70 /* Project object */;
			proxyType = 1;
			remoteGlobalIDString = CEA04AAD2A437B4A003A8F70;
			remoteInfo = Tracker;
		};
/* End PBXContainerItemProxy section */

/* Begin PBXFileReference section */
		CE6692C52A5BF08000D7FB5F /* Models.swift */ = {isa = PBXFileReference; lastKnownFileType = sourcecode.swift; path = Models.swift; sourceTree = "<group>"; };
		CE6C3B582A503E2800EB0985 /* AddCategoryViewController.swift */ = {isa = PBXFileReference; lastKnownFileType = sourcecode.swift; path = AddCategoryViewController.swift; sourceTree = "<group>"; };
		CE71C0672A5343B9009836E7 /* UIFonts+Extensions.swift */ = {isa = PBXFileReference; lastKnownFileType = sourcecode.swift; path = "UIFonts+Extensions.swift"; sourceTree = "<group>"; };
		CE7286512A4B306D0011F679 /* HeaderCollectionView.swift */ = {isa = PBXFileReference; lastKnownFileType = sourcecode.swift; path = HeaderCollectionView.swift; sourceTree = "<group>"; };
		CE7286532A4B704D0011F679 /* DataManager.swift */ = {isa = PBXFileReference; lastKnownFileType = sourcecode.swift; path = DataManager.swift; sourceTree = "<group>"; };
		CE7784DC2A45D47700E01A81 /* TrackersViewController.swift */ = {isa = PBXFileReference; lastKnownFileType = sourcecode.swift; path = TrackersViewController.swift; sourceTree = "<group>"; };
		CE7784DE2A45D78500E01A81 /* StatisticViewController.swift */ = {isa = PBXFileReference; lastKnownFileType = sourcecode.swift; path = StatisticViewController.swift; sourceTree = "<group>"; };
		CE7784E42A461CAA00E01A81 /* TrackerTypeSelectionViewController.swift */ = {isa = PBXFileReference; lastKnownFileType = sourcecode.swift; path = TrackerTypeSelectionViewController.swift; sourceTree = "<group>"; };
		CE78C3DA2A4F172E00D28141 /* AddScheduleViewController.swift */ = {isa = PBXFileReference; lastKnownFileType = sourcecode.swift; path = AddScheduleViewController.swift; sourceTree = "<group>"; };
		CE7A56DA2A55A8F600F494EF /* TrackerType.swift */ = {isa = PBXFileReference; lastKnownFileType = sourcecode.swift; path = TrackerType.swift; sourceTree = "<group>"; };
		CE7ABCE02A447F87000606DA /* UIColors+Extensions.swift */ = {isa = PBXFileReference; lastKnownFileType = sourcecode.swift; path = "UIColors+Extensions.swift"; sourceTree = "<group>"; };
		CE7ABCE32A4484AE000606DA /* SF-Pro.ttf */ = {isa = PBXFileReference; lastKnownFileType = file; path = "SF-Pro.ttf"; sourceTree = "<group>"; };
		CE7ABCE52A4489A4000606DA /* CardTrackerViewCell.swift */ = {isa = PBXFileReference; lastKnownFileType = sourcecode.swift; path = CardTrackerViewCell.swift; sourceTree = "<group>"; };
		CE7B743A2A4DA5E9000A3676 /* AddNewTrackerViewController.swift */ = {isa = PBXFileReference; lastKnownFileType = sourcecode.swift; path = AddNewTrackerViewController.swift; sourceTree = "<group>"; };
		CEA04AAE2A437B4A003A8F70 /* Tracker.app */ = {isa = PBXFileReference; explicitFileType = wrapper.application; includeInIndex = 0; path = Tracker.app; sourceTree = BUILT_PRODUCTS_DIR; };
		CEA04AB12A437B4A003A8F70 /* AppDelegate.swift */ = {isa = PBXFileReference; lastKnownFileType = sourcecode.swift; path = AppDelegate.swift; sourceTree = "<group>"; };
		CEA04AB32A437B4A003A8F70 /* SceneDelegate.swift */ = {isa = PBXFileReference; lastKnownFileType = sourcecode.swift; path = SceneDelegate.swift; sourceTree = "<group>"; };
		CEA04AB52A437B4A003A8F70 /* MainScreenTrackerViewController.swift */ = {isa = PBXFileReference; lastKnownFileType = sourcecode.swift; path = MainScreenTrackerViewController.swift; sourceTree = "<group>"; };
		CEA04AB82A437B4A003A8F70 /* Base */ = {isa = PBXFileReference; lastKnownFileType = file.storyboard; name = Base; path = Base.lproj/Main.storyboard; sourceTree = "<group>"; };
		CEA04ABA2A437B4C003A8F70 /* Assets.xcassets */ = {isa = PBXFileReference; lastKnownFileType = folder.assetcatalog; path = Assets.xcassets; sourceTree = "<group>"; };
		CEA04ABD2A437B4C003A8F70 /* Base */ = {isa = PBXFileReference; lastKnownFileType = file.storyboard; name = Base; path = Base.lproj/LaunchScreen.storyboard; sourceTree = "<group>"; };
		CEA04ABF2A437B4C003A8F70 /* Info.plist */ = {isa = PBXFileReference; lastKnownFileType = text.plist.xml; path = Info.plist; sourceTree = "<group>"; };
		CEA04AC42A437B4C003A8F70 /* TrackerTests.xctest */ = {isa = PBXFileReference; explicitFileType = wrapper.cfbundle; includeInIndex = 0; path = TrackerTests.xctest; sourceTree = BUILT_PRODUCTS_DIR; };
		CEA04AC82A437B4C003A8F70 /* TrackerTests.swift */ = {isa = PBXFileReference; lastKnownFileType = sourcecode.swift; path = TrackerTests.swift; sourceTree = "<group>"; };
		CEA04ACE2A437B4C003A8F70 /* TrackerUITests.xctest */ = {isa = PBXFileReference; explicitFileType = wrapper.cfbundle; includeInIndex = 0; path = TrackerUITests.xctest; sourceTree = BUILT_PRODUCTS_DIR; };
		CEA04AD22A437B4C003A8F70 /* TrackerUITests.swift */ = {isa = PBXFileReference; lastKnownFileType = sourcecode.swift; path = TrackerUITests.swift; sourceTree = "<group>"; };
		CEA04AD42A437B4C003A8F70 /* TrackerUITestsLaunchTests.swift */ = {isa = PBXFileReference; lastKnownFileType = sourcecode.swift; path = TrackerUITestsLaunchTests.swift; sourceTree = "<group>"; };
/* End PBXFileReference section */

/* Begin PBXFrameworksBuildPhase section */
		CEA04AAB2A437B4A003A8F70 /* Frameworks */ = {
			isa = PBXFrameworksBuildPhase;
			buildActionMask = 2147483647;
			files = (
			);
			runOnlyForDeploymentPostprocessing = 0;
		};
		CEA04AC12A437B4C003A8F70 /* Frameworks */ = {
			isa = PBXFrameworksBuildPhase;
			buildActionMask = 2147483647;
			files = (
			);
			runOnlyForDeploymentPostprocessing = 0;
		};
		CEA04ACB2A437B4C003A8F70 /* Frameworks */ = {
			isa = PBXFrameworksBuildPhase;
			buildActionMask = 2147483647;
			files = (
			);
			runOnlyForDeploymentPostprocessing = 0;
		};
/* End PBXFrameworksBuildPhase section */

/* Begin PBXGroup section */
		CE62DA982A5432A800CA1167 /* Mock */ = {
			isa = PBXGroup;
			children = (
				CE7286532A4B704D0011F679 /* DataManager.swift */,
			);
			path = Mock;
			sourceTree = "<group>";
		};
		CE71C0692A534410009836E7 /* Cell */ = {
			isa = PBXGroup;
			children = (
				CE7286512A4B306D0011F679 /* HeaderCollectionView.swift */,
				CE7ABCE52A4489A4000606DA /* CardTrackerViewCell.swift */,
			);
			path = Cell;
			sourceTree = "<group>";
		};
		CE71C06A2A534450009836E7 /* Models */ = {
			isa = PBXGroup;
			children = (
				CE7A56DA2A55A8F600F494EF /* TrackerType.swift */,
				CE6692C52A5BF08000D7FB5F /* Models.swift */,
			);
			path = Models;
			sourceTree = "<group>";
		};
		CE71C06B2A5344A0009836E7 /* ViewControllers */ = {
			isa = PBXGroup;
			children = (
				CEA04AB52A437B4A003A8F70 /* MainScreenTrackerViewController.swift */,
				CE7784E42A461CAA00E01A81 /* TrackerTypeSelectionViewController.swift */,
				CE7B743A2A4DA5E9000A3676 /* AddNewTrackerViewController.swift */,
				CE78C3DA2A4F172E00D28141 /* AddScheduleViewController.swift */,
				CE6C3B582A503E2800EB0985 /* AddCategoryViewController.swift */,
				CE7784DC2A45D47700E01A81 /* TrackersViewController.swift */,
				CE7784DE2A45D78500E01A81 /* StatisticViewController.swift */,
			);
			path = ViewControllers;
			sourceTree = "<group>";
		};
		CE7ABCE22A448487000606DA /* Fonts */ = {
			isa = PBXGroup;
			children = (
				CE7ABCE32A4484AE000606DA /* SF-Pro.ttf */,
			);
			path = Fonts;
			sourceTree = "<group>";
		};
		CEA04AA52A437B4A003A8F70 = {
			isa = PBXGroup;
			children = (
				CEA04AB02A437B4A003A8F70 /* Tracker */,
				CEA04AC72A437B4C003A8F70 /* TrackerTests */,
				CEA04AD12A437B4C003A8F70 /* TrackerUITests */,
				CEA04AAF2A437B4A003A8F70 /* Products */,
			);
			sourceTree = "<group>";
		};
		CEA04AAF2A437B4A003A8F70 /* Products */ = {
			isa = PBXGroup;
			children = (
				CEA04AAE2A437B4A003A8F70 /* Tracker.app */,
				CEA04AC42A437B4C003A8F70 /* TrackerTests.xctest */,
				CEA04ACE2A437B4C003A8F70 /* TrackerUITests.xctest */,
			);
			name = Products;
			sourceTree = "<group>";
		};
		CEA04AB02A437B4A003A8F70 /* Tracker */ = {
			isa = PBXGroup;
			children = (
				CEA04AB12A437B4A003A8F70 /* AppDelegate.swift */,
				CEA04AB32A437B4A003A8F70 /* SceneDelegate.swift */,
				CE62DA982A5432A800CA1167 /* Mock */,
				CE71C06A2A534450009836E7 /* Models */,
				CE71C06B2A5344A0009836E7 /* ViewControllers */,
				CE71C0692A534410009836E7 /* Cell */,
				CEA04AB72A437B4A003A8F70 /* Main.storyboard */,
				CEA04ABA2A437B4C003A8F70 /* Assets.xcassets */,
				CEA04ABC2A437B4C003A8F70 /* LaunchScreen.storyboard */,
				CEA04ABF2A437B4C003A8F70 /* Info.plist */,
				CE7ABCE22A448487000606DA /* Fonts */,
				CE7ABCE02A447F87000606DA /* UIColors+Extensions.swift */,
				CE71C0672A5343B9009836E7 /* UIFonts+Extensions.swift */,
			);
			path = Tracker;
			sourceTree = "<group>";
		};
		CEA04AC72A437B4C003A8F70 /* TrackerTests */ = {
			isa = PBXGroup;
			children = (
				CEA04AC82A437B4C003A8F70 /* TrackerTests.swift */,
			);
			path = TrackerTests;
			sourceTree = "<group>";
		};
		CEA04AD12A437B4C003A8F70 /* TrackerUITests */ = {
			isa = PBXGroup;
			children = (
				CEA04AD22A437B4C003A8F70 /* TrackerUITests.swift */,
				CEA04AD42A437B4C003A8F70 /* TrackerUITestsLaunchTests.swift */,
			);
			path = TrackerUITests;
			sourceTree = "<group>";
		};
/* End PBXGroup section */

/* Begin PBXNativeTarget section */
		CEA04AAD2A437B4A003A8F70 /* Tracker */ = {
			isa = PBXNativeTarget;
			buildConfigurationList = CEA04AD82A437B4C003A8F70 /* Build configuration list for PBXNativeTarget "Tracker" */;
			buildPhases = (
				CEA04AAA2A437B4A003A8F70 /* Sources */,
				CEA04AAB2A437B4A003A8F70 /* Frameworks */,
				CEA04AAC2A437B4A003A8F70 /* Resources */,
			);
			buildRules = (
			);
			dependencies = (
			);
			name = Tracker;
			productName = Tracker;
			productReference = CEA04AAE2A437B4A003A8F70 /* Tracker.app */;
			productType = "com.apple.product-type.application";
		};
		CEA04AC32A437B4C003A8F70 /* TrackerTests */ = {
			isa = PBXNativeTarget;
			buildConfigurationList = CEA04ADB2A437B4C003A8F70 /* Build configuration list for PBXNativeTarget "TrackerTests" */;
			buildPhases = (
				CEA04AC02A437B4C003A8F70 /* Sources */,
				CEA04AC12A437B4C003A8F70 /* Frameworks */,
				CEA04AC22A437B4C003A8F70 /* Resources */,
			);
			buildRules = (
			);
			dependencies = (
				CEA04AC62A437B4C003A8F70 /* PBXTargetDependency */,
			);
			name = TrackerTests;
			productName = TrackerTests;
			productReference = CEA04AC42A437B4C003A8F70 /* TrackerTests.xctest */;
			productType = "com.apple.product-type.bundle.unit-test";
		};
		CEA04ACD2A437B4C003A8F70 /* TrackerUITests */ = {
			isa = PBXNativeTarget;
			buildConfigurationList = CEA04ADE2A437B4C003A8F70 /* Build configuration list for PBXNativeTarget "TrackerUITests" */;
			buildPhases = (
				CEA04ACA2A437B4C003A8F70 /* Sources */,
				CEA04ACB2A437B4C003A8F70 /* Frameworks */,
				CEA04ACC2A437B4C003A8F70 /* Resources */,
			);
			buildRules = (
			);
			dependencies = (
				CEA04AD02A437B4C003A8F70 /* PBXTargetDependency */,
			);
			name = TrackerUITests;
			productName = TrackerUITests;
			productReference = CEA04ACE2A437B4C003A8F70 /* TrackerUITests.xctest */;
			productType = "com.apple.product-type.bundle.ui-testing";
		};
/* End PBXNativeTarget section */

/* Begin PBXProject section */
		CEA04AA62A437B4A003A8F70 /* Project object */ = {
			isa = PBXProject;
			attributes = {
				BuildIndependentTargetsInParallel = 1;
				LastSwiftUpdateCheck = 1430;
				LastUpgradeCheck = 1430;
				TargetAttributes = {
					CEA04AAD2A437B4A003A8F70 = {
						CreatedOnToolsVersion = 14.3.1;
					};
					CEA04AC32A437B4C003A8F70 = {
						CreatedOnToolsVersion = 14.3.1;
						TestTargetID = CEA04AAD2A437B4A003A8F70;
					};
					CEA04ACD2A437B4C003A8F70 = {
						CreatedOnToolsVersion = 14.3.1;
						TestTargetID = CEA04AAD2A437B4A003A8F70;
					};
				};
			};
			buildConfigurationList = CEA04AA92A437B4A003A8F70 /* Build configuration list for PBXProject "Tracker" */;
			compatibilityVersion = "Xcode 14.0";
			developmentRegion = en;
			hasScannedForEncodings = 0;
			knownRegions = (
				en,
				Base,
			);
			mainGroup = CEA04AA52A437B4A003A8F70;
			productRefGroup = CEA04AAF2A437B4A003A8F70 /* Products */;
			projectDirPath = "";
			projectRoot = "";
			targets = (
				CEA04AAD2A437B4A003A8F70 /* Tracker */,
				CEA04AC32A437B4C003A8F70 /* TrackerTests */,
				CEA04ACD2A437B4C003A8F70 /* TrackerUITests */,
			);
		};
/* End PBXProject section */

/* Begin PBXResourcesBuildPhase section */
		CEA04AAC2A437B4A003A8F70 /* Resources */ = {
			isa = PBXResourcesBuildPhase;
			buildActionMask = 2147483647;
			files = (
				CEA04ABE2A437B4C003A8F70 /* LaunchScreen.storyboard in Resources */,
				CE7ABCE42A4484AE000606DA /* SF-Pro.ttf in Resources */,
				CEA04ABB2A437B4C003A8F70 /* Assets.xcassets in Resources */,
				CEA04AB92A437B4A003A8F70 /* Main.storyboard in Resources */,
			);
			runOnlyForDeploymentPostprocessing = 0;
		};
		CEA04AC22A437B4C003A8F70 /* Resources */ = {
			isa = PBXResourcesBuildPhase;
			buildActionMask = 2147483647;
			files = (
			);
			runOnlyForDeploymentPostprocessing = 0;
		};
		CEA04ACC2A437B4C003A8F70 /* Resources */ = {
			isa = PBXResourcesBuildPhase;
			buildActionMask = 2147483647;
			files = (
			);
			runOnlyForDeploymentPostprocessing = 0;
		};
/* End PBXResourcesBuildPhase section */

/* Begin PBXSourcesBuildPhase section */
		CEA04AAA2A437B4A003A8F70 /* Sources */ = {
			isa = PBXSourcesBuildPhase;
			buildActionMask = 2147483647;
			files = (
				CE6C3B592A503E2800EB0985 /* AddCategoryViewController.swift in Sources */,
				CEA04AB62A437B4A003A8F70 /* MainScreenTrackerViewController.swift in Sources */,
				CE7286542A4B704D0011F679 /* DataManager.swift in Sources */,
				CE7784DF2A45D78500E01A81 /* StatisticViewController.swift in Sources */,
				CE78C3DB2A4F172E00D28141 /* AddScheduleViewController.swift in Sources */,
				CE7A56DB2A55A8F600F494EF /* TrackerType.swift in Sources */,
				CEA04AB22A437B4A003A8F70 /* AppDelegate.swift in Sources */,
				CE7286522A4B306D0011F679 /* HeaderCollectionView.swift in Sources */,
				CE7784DD2A45D47700E01A81 /* TrackersViewController.swift in Sources */,
				CE7ABCE62A4489A4000606DA /* CardTrackerViewCell.swift in Sources */,
				CE7784E52A461CAA00E01A81 /* TrackerTypeSelectionViewController.swift in Sources */,
				CE6692C62A5BF08000D7FB5F /* Models.swift in Sources */,
				CEA04AB42A437B4A003A8F70 /* SceneDelegate.swift in Sources */,
				CE71C0682A5343B9009836E7 /* UIFonts+Extensions.swift in Sources */,
				CE7B743B2A4DA5E9000A3676 /* AddNewTrackerViewController.swift in Sources */,
				CE7ABCE12A447F87000606DA /* UIColors+Extensions.swift in Sources */,
			);
			runOnlyForDeploymentPostprocessing = 0;
		};
		CEA04AC02A437B4C003A8F70 /* Sources */ = {
			isa = PBXSourcesBuildPhase;
			buildActionMask = 2147483647;
			files = (
				CEA04AC92A437B4C003A8F70 /* TrackerTests.swift in Sources */,
			);
			runOnlyForDeploymentPostprocessing = 0;
		};
		CEA04ACA2A437B4C003A8F70 /* Sources */ = {
			isa = PBXSourcesBuildPhase;
			buildActionMask = 2147483647;
			files = (
				CEA04AD32A437B4C003A8F70 /* TrackerUITests.swift in Sources */,
				CEA04AD52A437B4C003A8F70 /* TrackerUITestsLaunchTests.swift in Sources */,
			);
			runOnlyForDeploymentPostprocessing = 0;
		};
/* End PBXSourcesBuildPhase section */

/* Begin PBXTargetDependency section */
		CEA04AC62A437B4C003A8F70 /* PBXTargetDependency */ = {
			isa = PBXTargetDependency;
			target = CEA04AAD2A437B4A003A8F70 /* Tracker */;
			targetProxy = CEA04AC52A437B4C003A8F70 /* PBXContainerItemProxy */;
		};
		CEA04AD02A437B4C003A8F70 /* PBXTargetDependency */ = {
			isa = PBXTargetDependency;
			target = CEA04AAD2A437B4A003A8F70 /* Tracker */;
			targetProxy = CEA04ACF2A437B4C003A8F70 /* PBXContainerItemProxy */;
		};
/* End PBXTargetDependency section */

/* Begin PBXVariantGroup section */
		CEA04AB72A437B4A003A8F70 /* Main.storyboard */ = {
			isa = PBXVariantGroup;
			children = (
				CEA04AB82A437B4A003A8F70 /* Base */,
			);
			name = Main.storyboard;
			sourceTree = "<group>";
		};
		CEA04ABC2A437B4C003A8F70 /* LaunchScreen.storyboard */ = {
			isa = PBXVariantGroup;
			children = (
				CEA04ABD2A437B4C003A8F70 /* Base */,
			);
			name = LaunchScreen.storyboard;
			sourceTree = "<group>";
		};
/* End PBXVariantGroup section */

/* Begin XCBuildConfiguration section */
		CEA04AD62A437B4C003A8F70 /* Debug */ = {
			isa = XCBuildConfiguration;
			buildSettings = {
				ALWAYS_SEARCH_USER_PATHS = NO;
				CLANG_ANALYZER_NONNULL = YES;
				CLANG_ANALYZER_NUMBER_OBJECT_CONVERSION = YES_AGGRESSIVE;
				CLANG_CXX_LANGUAGE_STANDARD = "gnu++20";
				CLANG_ENABLE_MODULES = YES;
				CLANG_ENABLE_OBJC_ARC = YES;
				CLANG_ENABLE_OBJC_WEAK = YES;
				CLANG_WARN_BLOCK_CAPTURE_AUTORELEASING = YES;
				CLANG_WARN_BOOL_CONVERSION = YES;
				CLANG_WARN_COMMA = YES;
				CLANG_WARN_CONSTANT_CONVERSION = YES;
				CLANG_WARN_DEPRECATED_OBJC_IMPLEMENTATIONS = YES;
				CLANG_WARN_DIRECT_OBJC_ISA_USAGE = YES_ERROR;
				CLANG_WARN_DOCUMENTATION_COMMENTS = YES;
				CLANG_WARN_EMPTY_BODY = YES;
				CLANG_WARN_ENUM_CONVERSION = YES;
				CLANG_WARN_INFINITE_RECURSION = YES;
				CLANG_WARN_INT_CONVERSION = YES;
				CLANG_WARN_NON_LITERAL_NULL_CONVERSION = YES;
				CLANG_WARN_OBJC_IMPLICIT_RETAIN_SELF = YES;
				CLANG_WARN_OBJC_LITERAL_CONVERSION = YES;
				CLANG_WARN_OBJC_ROOT_CLASS = YES_ERROR;
				CLANG_WARN_QUOTED_INCLUDE_IN_FRAMEWORK_HEADER = YES;
				CLANG_WARN_RANGE_LOOP_ANALYSIS = YES;
				CLANG_WARN_STRICT_PROTOTYPES = YES;
				CLANG_WARN_SUSPICIOUS_MOVE = YES;
				CLANG_WARN_UNGUARDED_AVAILABILITY = YES_AGGRESSIVE;
				CLANG_WARN_UNREACHABLE_CODE = YES;
				CLANG_WARN__DUPLICATE_METHOD_MATCH = YES;
				COPY_PHASE_STRIP = NO;
				DEBUG_INFORMATION_FORMAT = dwarf;
				ENABLE_STRICT_OBJC_MSGSEND = YES;
				ENABLE_TESTABILITY = YES;
				GCC_C_LANGUAGE_STANDARD = gnu11;
				GCC_DYNAMIC_NO_PIC = NO;
				GCC_NO_COMMON_BLOCKS = YES;
				GCC_OPTIMIZATION_LEVEL = 0;
				GCC_PREPROCESSOR_DEFINITIONS = (
					"DEBUG=1",
					"$(inherited)",
				);
				GCC_WARN_64_TO_32_BIT_CONVERSION = YES;
				GCC_WARN_ABOUT_RETURN_TYPE = YES_ERROR;
				GCC_WARN_UNDECLARED_SELECTOR = YES;
				GCC_WARN_UNINITIALIZED_AUTOS = YES_AGGRESSIVE;
				GCC_WARN_UNUSED_FUNCTION = YES;
				GCC_WARN_UNUSED_VARIABLE = YES;
				IPHONEOS_DEPLOYMENT_TARGET = 13.4;
				MTL_ENABLE_DEBUG_INFO = INCLUDE_SOURCE;
				MTL_FAST_MATH = YES;
				ONLY_ACTIVE_ARCH = YES;
				SDKROOT = iphoneos;
				SWIFT_ACTIVE_COMPILATION_CONDITIONS = DEBUG;
				SWIFT_OPTIMIZATION_LEVEL = "-Onone";
			};
			name = Debug;
		};
		CEA04AD72A437B4C003A8F70 /* Release */ = {
			isa = XCBuildConfiguration;
			buildSettings = {
				ALWAYS_SEARCH_USER_PATHS = NO;
				CLANG_ANALYZER_NONNULL = YES;
				CLANG_ANALYZER_NUMBER_OBJECT_CONVERSION = YES_AGGRESSIVE;
				CLANG_CXX_LANGUAGE_STANDARD = "gnu++20";
				CLANG_ENABLE_MODULES = YES;
				CLANG_ENABLE_OBJC_ARC = YES;
				CLANG_ENABLE_OBJC_WEAK = YES;
				CLANG_WARN_BLOCK_CAPTURE_AUTORELEASING = YES;
				CLANG_WARN_BOOL_CONVERSION = YES;
				CLANG_WARN_COMMA = YES;
				CLANG_WARN_CONSTANT_CONVERSION = YES;
				CLANG_WARN_DEPRECATED_OBJC_IMPLEMENTATIONS = YES;
				CLANG_WARN_DIRECT_OBJC_ISA_USAGE = YES_ERROR;
				CLANG_WARN_DOCUMENTATION_COMMENTS = YES;
				CLANG_WARN_EMPTY_BODY = YES;
				CLANG_WARN_ENUM_CONVERSION = YES;
				CLANG_WARN_INFINITE_RECURSION = YES;
				CLANG_WARN_INT_CONVERSION = YES;
				CLANG_WARN_NON_LITERAL_NULL_CONVERSION = YES;
				CLANG_WARN_OBJC_IMPLICIT_RETAIN_SELF = YES;
				CLANG_WARN_OBJC_LITERAL_CONVERSION = YES;
				CLANG_WARN_OBJC_ROOT_CLASS = YES_ERROR;
				CLANG_WARN_QUOTED_INCLUDE_IN_FRAMEWORK_HEADER = YES;
				CLANG_WARN_RANGE_LOOP_ANALYSIS = YES;
				CLANG_WARN_STRICT_PROTOTYPES = YES;
				CLANG_WARN_SUSPICIOUS_MOVE = YES;
				CLANG_WARN_UNGUARDED_AVAILABILITY = YES_AGGRESSIVE;
				CLANG_WARN_UNREACHABLE_CODE = YES;
				CLANG_WARN__DUPLICATE_METHOD_MATCH = YES;
				COPY_PHASE_STRIP = NO;
				DEBUG_INFORMATION_FORMAT = "dwarf-with-dsym";
				ENABLE_NS_ASSERTIONS = NO;
				ENABLE_STRICT_OBJC_MSGSEND = YES;
				GCC_C_LANGUAGE_STANDARD = gnu11;
				GCC_NO_COMMON_BLOCKS = YES;
				GCC_WARN_64_TO_32_BIT_CONVERSION = YES;
				GCC_WARN_ABOUT_RETURN_TYPE = YES_ERROR;
				GCC_WARN_UNDECLARED_SELECTOR = YES;
				GCC_WARN_UNINITIALIZED_AUTOS = YES_AGGRESSIVE;
				GCC_WARN_UNUSED_FUNCTION = YES;
				GCC_WARN_UNUSED_VARIABLE = YES;
				IPHONEOS_DEPLOYMENT_TARGET = 13.4;
				MTL_ENABLE_DEBUG_INFO = NO;
				MTL_FAST_MATH = YES;
				SDKROOT = iphoneos;
				SWIFT_COMPILATION_MODE = wholemodule;
				SWIFT_OPTIMIZATION_LEVEL = "-O";
				VALIDATE_PRODUCT = YES;
			};
			name = Release;
		};
		CEA04AD92A437B4C003A8F70 /* Debug */ = {
			isa = XCBuildConfiguration;
			buildSettings = {
				ASSETCATALOG_COMPILER_APPICON_NAME = AppIcon;
				ASSETCATALOG_COMPILER_GLOBAL_ACCENT_COLOR_NAME = AccentColor;
				CODE_SIGN_STYLE = Automatic;
				CURRENT_PROJECT_VERSION = 1;
				DEVELOPMENT_TEAM = AGF888USR7;
				GENERATE_INFOPLIST_FILE = YES;
				INFOPLIST_FILE = Tracker/Info.plist;
				INFOPLIST_KEY_UIApplicationSupportsIndirectInputEvents = YES;
				INFOPLIST_KEY_UILaunchStoryboardName = LaunchScreen;
				INFOPLIST_KEY_UIMainStoryboardFile = Main;
				INFOPLIST_KEY_UISupportedInterfaceOrientations = UIInterfaceOrientationPortrait;
				INFOPLIST_KEY_UISupportedInterfaceOrientations_iPad = "UIInterfaceOrientationLandscapeLeft UIInterfaceOrientationLandscapeRight UIInterfaceOrientationPortrait UIInterfaceOrientationPortraitUpsideDown";
				IPHONEOS_DEPLOYMENT_TARGET = 13.4;
				LD_RUNPATH_SEARCH_PATHS = (
					"$(inherited)",
					"@executable_path/Frameworks",
				);
				MARKETING_VERSION = 1.0;
				PRODUCT_BUNDLE_IDENTIFIER = ru.yandex.practicum.Tracker;
				PRODUCT_NAME = "$(TARGET_NAME)";
				SUPPORTED_PLATFORMS = "iphoneos iphonesimulator";
				SUPPORTS_MACCATALYST = NO;
				SUPPORTS_MAC_DESIGNED_FOR_IPHONE_IPAD = NO;
				SWIFT_EMIT_LOC_STRINGS = YES;
				SWIFT_VERSION = 5.0;
				TARGETED_DEVICE_FAMILY = 1;
			};
			name = Debug;
		};
		CEA04ADA2A437B4C003A8F70 /* Release */ = {
			isa = XCBuildConfiguration;
			buildSettings = {
				ASSETCATALOG_COMPILER_APPICON_NAME = AppIcon;
				ASSETCATALOG_COMPILER_GLOBAL_ACCENT_COLOR_NAME = AccentColor;
				CODE_SIGN_STYLE = Automatic;
				CURRENT_PROJECT_VERSION = 1;
				DEVELOPMENT_TEAM = AGF888USR7;
				GENERATE_INFOPLIST_FILE = YES;
				INFOPLIST_FILE = Tracker/Info.plist;
				INFOPLIST_KEY_UIApplicationSupportsIndirectInputEvents = YES;
				INFOPLIST_KEY_UILaunchStoryboardName = LaunchScreen;
				INFOPLIST_KEY_UIMainStoryboardFile = Main;
				INFOPLIST_KEY_UISupportedInterfaceOrientations = UIInterfaceOrientationPortrait;
				INFOPLIST_KEY_UISupportedInterfaceOrientations_iPad = "UIInterfaceOrientationLandscapeLeft UIInterfaceOrientationLandscapeRight UIInterfaceOrientationPortrait UIInterfaceOrientationPortraitUpsideDown";
				IPHONEOS_DEPLOYMENT_TARGET = 13.4;
				LD_RUNPATH_SEARCH_PATHS = (
					"$(inherited)",
					"@executable_path/Frameworks",
				);
				MARKETING_VERSION = 1.0;
				PRODUCT_BUNDLE_IDENTIFIER = ru.yandex.practicum.Tracker;
				PRODUCT_NAME = "$(TARGET_NAME)";
				SUPPORTED_PLATFORMS = "iphoneos iphonesimulator";
				SUPPORTS_MACCATALYST = NO;
				SUPPORTS_MAC_DESIGNED_FOR_IPHONE_IPAD = NO;
				SWIFT_EMIT_LOC_STRINGS = YES;
				SWIFT_VERSION = 5.0;
				TARGETED_DEVICE_FAMILY = 1;
			};
			name = Release;
		};
		CEA04ADC2A437B4C003A8F70 /* Debug */ = {
			isa = XCBuildConfiguration;
			buildSettings = {
				ALWAYS_EMBED_SWIFT_STANDARD_LIBRARIES = YES;
				BUNDLE_LOADER = "$(TEST_HOST)";
				CODE_SIGN_STYLE = Automatic;
				CURRENT_PROJECT_VERSION = 1;
				DEVELOPMENT_TEAM = AGF888USR7;
				GENERATE_INFOPLIST_FILE = YES;
				IPHONEOS_DEPLOYMENT_TARGET = 16.4;
				MARKETING_VERSION = 1.0;
				PRODUCT_BUNDLE_IDENTIFIER = ru.yandex.practicum.TrackerTests;
				PRODUCT_NAME = "$(TARGET_NAME)";
				SWIFT_EMIT_LOC_STRINGS = NO;
				SWIFT_VERSION = 5.0;
				TARGETED_DEVICE_FAMILY = "1,2";
				TEST_HOST = "$(BUILT_PRODUCTS_DIR)/Tracker.app/$(BUNDLE_EXECUTABLE_FOLDER_PATH)/Tracker";
			};
			name = Debug;
		};
		CEA04ADD2A437B4C003A8F70 /* Release */ = {
			isa = XCBuildConfiguration;
			buildSettings = {
				ALWAYS_EMBED_SWIFT_STANDARD_LIBRARIES = YES;
				BUNDLE_LOADER = "$(TEST_HOST)";
				CODE_SIGN_STYLE = Automatic;
				CURRENT_PROJECT_VERSION = 1;
				DEVELOPMENT_TEAM = AGF888USR7;
				GENERATE_INFOPLIST_FILE = YES;
				IPHONEOS_DEPLOYMENT_TARGET = 16.4;
				MARKETING_VERSION = 1.0;
				PRODUCT_BUNDLE_IDENTIFIER = ru.yandex.practicum.TrackerTests;
				PRODUCT_NAME = "$(TARGET_NAME)";
				SWIFT_EMIT_LOC_STRINGS = NO;
				SWIFT_VERSION = 5.0;
				TARGETED_DEVICE_FAMILY = "1,2";
				TEST_HOST = "$(BUILT_PRODUCTS_DIR)/Tracker.app/$(BUNDLE_EXECUTABLE_FOLDER_PATH)/Tracker";
			};
			name = Release;
		};
		CEA04ADF2A437B4C003A8F70 /* Debug */ = {
			isa = XCBuildConfiguration;
			buildSettings = {
				ALWAYS_EMBED_SWIFT_STANDARD_LIBRARIES = YES;
				CODE_SIGN_STYLE = Automatic;
				CURRENT_PROJECT_VERSION = 1;
				DEVELOPMENT_TEAM = AGF888USR7;
				GENERATE_INFOPLIST_FILE = YES;
				MARKETING_VERSION = 1.0;
				PRODUCT_BUNDLE_IDENTIFIER = ru.yandex.practicum.TrackerUITests;
				PRODUCT_NAME = "$(TARGET_NAME)";
				SWIFT_EMIT_LOC_STRINGS = NO;
				SWIFT_VERSION = 5.0;
				TARGETED_DEVICE_FAMILY = "1,2";
				TEST_TARGET_NAME = Tracker;
			};
			name = Debug;
		};
		CEA04AE02A437B4C003A8F70 /* Release */ = {
			isa = XCBuildConfiguration;
			buildSettings = {
				ALWAYS_EMBED_SWIFT_STANDARD_LIBRARIES = YES;
				CODE_SIGN_STYLE = Automatic;
				CURRENT_PROJECT_VERSION = 1;
				DEVELOPMENT_TEAM = AGF888USR7;
				GENERATE_INFOPLIST_FILE = YES;
				MARKETING_VERSION = 1.0;
				PRODUCT_BUNDLE_IDENTIFIER = ru.yandex.practicum.TrackerUITests;
				PRODUCT_NAME = "$(TARGET_NAME)";
				SWIFT_EMIT_LOC_STRINGS = NO;
				SWIFT_VERSION = 5.0;
				TARGETED_DEVICE_FAMILY = "1,2";
				TEST_TARGET_NAME = Tracker;
			};
			name = Release;
		};
/* End XCBuildConfiguration section */

/* Begin XCConfigurationList section */
		CEA04AA92A437B4A003A8F70 /* Build configuration list for PBXProject "Tracker" */ = {
			isa = XCConfigurationList;
			buildConfigurations = (
				CEA04AD62A437B4C003A8F70 /* Debug */,
				CEA04AD72A437B4C003A8F70 /* Release */,
			);
			defaultConfigurationIsVisible = 0;
			defaultConfigurationName = Release;
		};
		CEA04AD82A437B4C003A8F70 /* Build configuration list for PBXNativeTarget "Tracker" */ = {
			isa = XCConfigurationList;
			buildConfigurations = (
				CEA04AD92A437B4C003A8F70 /* Debug */,
				CEA04ADA2A437B4C003A8F70 /* Release */,
			);
			defaultConfigurationIsVisible = 0;
			defaultConfigurationName = Release;
		};
		CEA04ADB2A437B4C003A8F70 /* Build configuration list for PBXNativeTarget "TrackerTests" */ = {
			isa = XCConfigurationList;
			buildConfigurations = (
				CEA04ADC2A437B4C003A8F70 /* Debug */,
				CEA04ADD2A437B4C003A8F70 /* Release */,
			);
			defaultConfigurationIsVisible = 0;
			defaultConfigurationName = Release;
		};
		CEA04ADE2A437B4C003A8F70 /* Build configuration list for PBXNativeTarget "TrackerUITests" */ = {
			isa = XCConfigurationList;
			buildConfigurations = (
				CEA04ADF2A437B4C003A8F70 /* Debug */,
				CEA04AE02A437B4C003A8F70 /* Release */,
			);
			defaultConfigurationIsVisible = 0;
			defaultConfigurationName = Release;
		};
/* End XCConfigurationList section */
	};
	rootObject = CEA04AA62A437B4A003A8F70 /* Project object */;
}
